
Microsoft Visual Studio Solution File, Format Version 12.00
# Visual Studio Version 17
VisualStudioVersion = 17.3.32804.467
MinimumVisualStudioVersion = 10.0.40219.1
Project("{FAE04EC0-301F-11D3-BF4B-00C04F79EFBC}") = "Sparegrisen", "Sparegrisen\Sparegrisen.csproj", "{04646345-94C7-41CF-A11A-4693AC9955BE}"
EndProject
Global
	GlobalSection(SolutionConfigurationPlatforms) = preSolution
		Debug|Any CPU = Debug|Any CPU
		Release|Any CPU = Release|Any CPU
	EndGlobalSection
	GlobalSection(ProjectConfigurationPlatforms) = postSolution
		{04646345-94C7-41CF-A11A-4693AC9955BE}.Debug|Any CPU.ActiveCfg = Debug|Any CPU
		{04646345-94C7-41CF-A11A-4693AC9955BE}.Debug|Any CPU.Build.0 = Debug|Any CPU
		{04646345-94C7-41CF-A11A-4693AC9955BE}.Release|Any CPU.ActiveCfg = Release|Any CPU
		{04646345-94C7-41CF-A11A-4693AC9955BE}.Release|Any CPU.Build.0 = Release|Any CPU
	EndGlobalSection
	GlobalSection(SolutionProperties) = preSolution
		HideSolutionNode = FALSE
	EndGlobalSection
	GlobalSection(ExtensibilityGlobals) = postSolution
		SolutionGuid = {B5212B6A-E910-4012-82CA-43AC4C28021B}
	EndGlobalSection
EndGlobal
